PODS:
  - Kiwi (2.1)
  - ObjectiveRecord (1.2):
    - ObjectiveSugar
  - ObjectiveSugar (0.7)

DEPENDENCIES:
  - Kiwi
  - ObjectiveRecord (from `../ObjectiveRecord.podspec`)
  - ObjectiveSugar

EXTERNAL SOURCES:
  ObjectiveRecord:
    :path: ../ObjectiveRecord.podspec

SPEC CHECKSUMS:
  Kiwi: 054ef97d0e50c279b21113a0880a906fa153a7fd
  ObjectiveRecord: 5462d3dfb755f2f67bd8bff003d2c2f435b992a8
  ObjectiveSugar: 2c2835034d5ec0d27f66905f63465490e3b8e1e7

COCOAPODS: 0.20.2
