PODS:
  - Kiwi (2.1)
  - ObjectiveRecord (1.4.0):
    - ObjectiveSugar
  - ObjectiveSugar (1.1.0)

DEPENDENCIES:
  - Kiwi (= 2.1)
  - ObjectiveRecord (from `../`)
  - ObjectiveSugar

EXTERNAL SOURCES:
  ObjectiveRecord:
    :path: ../

SPEC CHECKSUMS:
  Kiwi: 054ef97d0e50c279b21113a0880a906fa153a7fd
  ObjectiveRecord: 109a6c583284c2c9af1dc0d6ccc1dfc84e826c45
  ObjectiveSugar: fed588577bcf9733546aeaa089de444e4bab9a52

COCOAPODS: 0.29.0
