<?xml version="1.0" encoding="UTF-8"?>
<!DOCTYPE plist PUBLIC "-//Apple//DTD PLIST 1.0//EN" "http://www.apple.com/DTDs/PropertyList-1.0.dtd">
<plist version="1.0">
<dict>
	<key>archiveVersion</key>
	<string>1</string>
	<key>classes</key>
	<dict/>
	<key>objectVersion</key>
	<string>46</string>
	<key>objects</key>
	<dict>
		<key>197CA8AB5A4845B7B4174348</key>
		<dict>
			<key>fileRef</key>
			<string>B37C31BF7BE149339CB8C037</string>
			<key>isa</key>
			<string>PBXBuildFile</string>
		</dict>
		<key>4944537D57D049F28365F1AE</key>
		<dict>
			<key>fileRef</key>
			<string>9D0C6BA1184F43B596AFE47B</string>
			<key>isa</key>
			<string>PBXBuildFile</string>
			<key>settings</key>
			<dict/>
		</dict>
		<key>59C4037313284DBF93B47093</key>
		<dict>
			<key>includeInIndex</key>
			<string>1</string>
			<key>isa</key>
			<string>PBXFileReference</string>
			<key>lastKnownFileType</key>
			<string>text.xcconfig</string>
			<key>name</key>
			<string>Pods.xcconfig</string>
			<key>path</key>
			<string>Pods/Pods.xcconfig</string>
			<key>sourceTree</key>
			<string>SOURCE_ROOT</string>
		</dict>
		<key>6A6293ED6EB1444285671211</key>
		<dict>
			<key>buildActionMask</key>
			<string>2147483647</string>
			<key>files</key>
			<array/>
			<key>inputPaths</key>
			<array/>
			<key>isa</key>
			<string>PBXShellScriptBuildPhase</string>
			<key>name</key>
			<string>Copy Pods Resources</string>
			<key>outputPaths</key>
			<array/>
			<key>runOnlyForDeploymentPostprocessing</key>
			<string>0</string>
			<key>shellPath</key>
			<string>/bin/sh</string>
			<key>shellScript</key>
			<string>"${SRCROOT}/Pods/Pods-test-resources.sh"
</string>
			<key>showEnvVarsInLog</key>
			<string>1</string>
		</dict>
		<key>897D09DB15B0924A00722A8F</key>
		<dict>
			<key>children</key>
			<array>
				<string>897D09DD15B0926200722A8F</string>
				<string>897D09DE15B0926200722A8F</string>
			</array>
			<key>isa</key>
			<string>PBXGroup</string>
			<key>name</key>
			<string>ObjectiveRecord</string>
			<key>sourceTree</key>
			<string>&lt;group&gt;</string>
		</dict>
		<key>897D09DD15B0926200722A8F</key>
		<dict>
			<key>fileEncoding</key>
			<string>4</string>
			<key>isa</key>
			<string>PBXFileReference</string>
			<key>lastKnownFileType</key>
			<string>sourcecode.c.h</string>
			<key>name</key>
			<string>ObjectiveRecord.h</string>
			<key>path</key>
			<string>../../ObjectiveRecord.h</string>
			<key>sourceTree</key>
			<string>&lt;group&gt;</string>
		</dict>
		<key>897D09DE15B0926200722A8F</key>
		<dict>
			<key>children</key>
			<array>
				<string>897D09DF15B0926200722A8F</string>
				<string>897D09E015B0926200722A8F</string>
				<string>897D09E115B0926200722A8F</string>
				<string>897D09E215B0926200722A8F</string>
				<string>897D09E315B0926200722A8F</string>
				<string>897D09E415B0926200722A8F</string>
			</array>
			<key>isa</key>
			<string>PBXGroup</string>
			<key>name</key>
			<string>src</string>
			<key>path</key>
			<string>../../src</string>
			<key>sourceTree</key>
			<string>&lt;group&gt;</string>
		</dict>
		<key>897D09DF15B0926200722A8F</key>
		<dict>
			<key>fileEncoding</key>
			<string>4</string>
			<key>isa</key>
			<string>PBXFileReference</string>
			<key>lastKnownFileType</key>
			<string>sourcecode.c.h</string>
			<key>path</key>
			<string>CoreDataManager.h</string>
			<key>sourceTree</key>
			<string>&lt;group&gt;</string>
		</dict>
		<key>897D09E015B0926200722A8F</key>
		<dict>
			<key>fileEncoding</key>
			<string>4</string>
			<key>isa</key>
			<string>PBXFileReference</string>
			<key>lastKnownFileType</key>
			<string>sourcecode.c.objc</string>
			<key>path</key>
			<string>CoreDataManager.m</string>
			<key>sourceTree</key>
			<string>&lt;group&gt;</string>
		</dict>
		<key>897D09E115B0926200722A8F</key>
		<dict>
			<key>fileEncoding</key>
			<string>4</string>
			<key>isa</key>
			<string>PBXFileReference</string>
			<key>lastKnownFileType</key>
			<string>sourcecode.c.h</string>
			<key>path</key>
			<string>NSArray+Accessors.h</string>
			<key>sourceTree</key>
			<string>&lt;group&gt;</string>
		</dict>
		<key>897D09E215B0926200722A8F</key>
		<dict>
			<key>fileEncoding</key>
			<string>4</string>
			<key>isa</key>
			<string>PBXFileReference</string>
			<key>lastKnownFileType</key>
			<string>sourcecode.c.objc</string>
			<key>path</key>
			<string>NSArray+Accessors.m</string>
			<key>sourceTree</key>
			<string>&lt;group&gt;</string>
		</dict>
		<key>897D09E315B0926200722A8F</key>
		<dict>
			<key>fileEncoding</key>
			<string>4</string>
			<key>isa</key>
			<string>PBXFileReference</string>
			<key>lastKnownFileType</key>
			<string>sourcecode.c.h</string>
			<key>path</key>
			<string>NSManagedObject+ActiveRecord.h</string>
			<key>sourceTree</key>
			<string>&lt;group&gt;</string>
		</dict>
		<key>897D09E415B0926200722A8F</key>
		<dict>
			<key>fileEncoding</key>
			<string>4</string>
			<key>isa</key>
			<string>PBXFileReference</string>
			<key>lastKnownFileType</key>
			<string>sourcecode.c.objc</string>
			<key>path</key>
			<string>NSManagedObject+ActiveRecord.m</string>
			<key>sourceTree</key>
			<string>&lt;group&gt;</string>
		</dict>
		<key>897D09E515B0926200722A8F</key>
		<dict>
			<key>fileRef</key>
			<string>897D09E015B0926200722A8F</string>
			<key>isa</key>
			<string>PBXBuildFile</string>
		</dict>
		<key>897D09E715B0926200722A8F</key>
		<dict>
			<key>fileRef</key>
			<string>897D09E215B0926200722A8F</string>
			<key>isa</key>
			<string>PBXBuildFile</string>
		</dict>
		<key>897D09E815B0926200722A8F</key>
		<dict>
			<key>fileRef</key>
			<string>897D09E215B0926200722A8F</string>
			<key>isa</key>
			<string>PBXBuildFile</string>
		</dict>
		<key>897D09E915B0926200722A8F</key>
		<dict>
			<key>fileRef</key>
			<string>897D09E415B0926200722A8F</string>
			<key>isa</key>
			<string>PBXBuildFile</string>
		</dict>
		<key>897D09EA15B0926200722A8F</key>
		<dict>
			<key>fileRef</key>
			<string>897D09E415B0926200722A8F</string>
			<key>isa</key>
			<string>PBXBuildFile</string>
		</dict>
		<key>897D09F715B093F200722A8F</key>
		<dict>
			<key>children</key>
			<array>
				<string>897D09F815B0940A00722A8F</string>
				<string>897D09F915B0940A00722A8F</string>
			</array>
			<key>isa</key>
			<string>PBXGroup</string>
			<key>path</key>
			<string>Models</string>
			<key>sourceTree</key>
			<string>&lt;group&gt;</string>
		</dict>
		<key>897D09F815B0940A00722A8F</key>
		<dict>
			<key>fileEncoding</key>
			<string>4</string>
			<key>isa</key>
			<string>PBXFileReference</string>
			<key>lastKnownFileType</key>
			<string>sourcecode.c.h</string>
			<key>path</key>
			<string>Person.h</string>
			<key>sourceTree</key>
			<string>&lt;group&gt;</string>
		</dict>
		<key>897D09F915B0940A00722A8F</key>
		<dict>
			<key>fileEncoding</key>
			<string>4</string>
			<key>isa</key>
			<string>PBXFileReference</string>
			<key>lastKnownFileType</key>
			<string>sourcecode.c.objc</string>
			<key>path</key>
			<string>Person.m</string>
			<key>sourceTree</key>
			<string>&lt;group&gt;</string>
		</dict>
		<key>897D09FA15B0940A00722A8F</key>
		<dict>
			<key>fileRef</key>
			<string>897D09F915B0940A00722A8F</string>
			<key>isa</key>
			<string>PBXBuildFile</string>
		</dict>
		<key>897D09FC15B0945400722A8F</key>
		<dict>
			<key>fileEncoding</key>
			<string>4</string>
			<key>isa</key>
			<string>PBXFileReference</string>
			<key>lastKnownFileType</key>
			<string>sourcecode.c.h</string>
			<key>path</key>
			<string>FindersAndCreatorsTests.h</string>
			<key>sourceTree</key>
			<string>&lt;group&gt;</string>
		</dict>
		<key>897D09FD15B0945400722A8F</key>
		<dict>
			<key>fileEncoding</key>
			<string>4</string>
			<key>isa</key>
			<string>PBXFileReference</string>
			<key>lastKnownFileType</key>
			<string>sourcecode.c.objc</string>
			<key>path</key>
			<string>FindersAndCreatorsTests.m</string>
			<key>sourceTree</key>
			<string>&lt;group&gt;</string>
		</dict>
		<key>897D09FE15B0945400722A8F</key>
		<dict>
			<key>fileRef</key>
			<string>897D09FD15B0945400722A8F</string>
			<key>isa</key>
			<string>PBXBuildFile</string>
		</dict>
		<key>897D0A2215B0B07C00722A8F</key>
		<dict>
			<key>fileEncoding</key>
			<string>4</string>
			<key>isa</key>
			<string>PBXFileReference</string>
			<key>lastKnownFileType</key>
			<string>sourcecode.c.h</string>
			<key>path</key>
			<string>NSArrayCategoriesTests.h</string>
			<key>sourceTree</key>
			<string>&lt;group&gt;</string>
		</dict>
		<key>897D0A2315B0B07C00722A8F</key>
		<dict>
			<key>fileEncoding</key>
			<string>4</string>
			<key>isa</key>
			<string>PBXFileReference</string>
			<key>lastKnownFileType</key>
			<string>sourcecode.c.objc</string>
			<key>path</key>
			<string>NSArrayCategoriesTests.m</string>
			<key>sourceTree</key>
			<string>&lt;group&gt;</string>
		</dict>
		<key>897D0A2415B0B07C00722A8F</key>
		<dict>
			<key>fileRef</key>
			<string>897D0A2315B0B07C00722A8F</string>
			<key>isa</key>
			<string>PBXBuildFile</string>
		</dict>
		<key>89F1EE9815A4C73B00AE4FB4</key>
		<dict>
			<key>children</key>
			<array>
				<string>89F1EEAF15A4C73B00AE4FB4</string>
				<string>89F1EECB15A4C73B00AE4FB4</string>
				<string>89F1EEA615A4C73B00AE4FB4</string>
				<string>89F1EEA415A4C73B00AE4FB4</string>
				<string>59C4037313284DBF93B47093</string>
				<string>ED94BC9174574D97B32EBAE7</string>
			</array>
			<key>isa</key>
			<string>PBXGroup</string>
			<key>sourceTree</key>
			<string>&lt;group&gt;</string>
		</dict>
		<key>89F1EE9A15A4C73B00AE4FB4</key>
		<dict>
			<key>attributes</key>
			<dict>
				<key>LastUpgradeCheck</key>
				<string>0430</string>
			</dict>
			<key>buildConfigurationList</key>
			<string>89F1EE9D15A4C73B00AE4FB4</string>
			<key>compatibilityVersion</key>
			<string>Xcode 3.2</string>
			<key>developmentRegion</key>
			<string>English</string>
			<key>hasScannedForEncodings</key>
			<string>0</string>
			<key>isa</key>
			<string>PBXProject</string>
			<key>knownRegions</key>
			<array>
				<string>en</string>
			</array>
			<key>mainGroup</key>
			<string>89F1EE9815A4C73B00AE4FB4</string>
			<key>productRefGroup</key>
			<string>89F1EEA415A4C73B00AE4FB4</string>
			<key>projectDirPath</key>
			<string></string>
			<key>projectReferences</key>
			<array/>
			<key>projectRoot</key>
			<string></string>
			<key>targets</key>
			<array>
				<string>89F1EEA215A4C73B00AE4FB4</string>
				<string>89F1EEC215A4C73B00AE4FB4</string>
			</array>
		</dict>
		<key>89F1EE9D15A4C73B00AE4FB4</key>
		<dict>
			<key>buildConfigurations</key>
			<array>
				<string>89F1EED415A4C73B00AE4FB4</string>
				<string>89F1EED515A4C73B00AE4FB4</string>
			</array>
			<key>defaultConfigurationIsVisible</key>
			<string>0</string>
			<key>defaultConfigurationName</key>
			<string>Release</string>
			<key>isa</key>
			<string>XCConfigurationList</string>
		</dict>
		<key>89F1EE9F15A4C73B00AE4FB4</key>
		<dict>
			<key>buildActionMask</key>
			<string>2147483647</string>
			<key>files</key>
			<array>
				<string>89F1EEB615A4C73B00AE4FB4</string>
				<string>89F1EEBA15A4C73B00AE4FB4</string>
				<string>89F1EEBD15A4C73B00AE4FB4</string>
				<string>897D09E515B0926200722A8F</string>
				<string>897D09E715B0926200722A8F</string>
				<string>897D09E915B0926200722A8F</string>
				<string>897D09FA15B0940A00722A8F</string>
			</array>
			<key>isa</key>
			<string>PBXSourcesBuildPhase</string>
			<key>runOnlyForDeploymentPostprocessing</key>
			<string>0</string>
		</dict>
		<key>89F1EEA015A4C73B00AE4FB4</key>
		<dict>
			<key>buildActionMask</key>
			<string>2147483647</string>
			<key>files</key>
			<array>
				<string>89F1EEA815A4C73B00AE4FB4</string>
				<string>89F1EEAA15A4C73B00AE4FB4</string>
				<string>89F1EEAC15A4C73B00AE4FB4</string>
				<string>89F1EEAE15A4C73B00AE4FB4</string>
			</array>
			<key>isa</key>
			<string>PBXFrameworksBuildPhase</string>
			<key>runOnlyForDeploymentPostprocessing</key>
			<string>0</string>
		</dict>
		<key>89F1EEA115A4C73B00AE4FB4</key>
		<dict>
			<key>buildActionMask</key>
			<string>2147483647</string>
			<key>files</key>
			<array>
				<string>89F1EEB415A4C73B00AE4FB4</string>
			</array>
			<key>isa</key>
			<string>PBXResourcesBuildPhase</string>
			<key>runOnlyForDeploymentPostprocessing</key>
			<string>0</string>
		</dict>
		<key>89F1EEA215A4C73B00AE4FB4</key>
		<dict>
			<key>buildConfigurationList</key>
			<string>89F1EED615A4C73B00AE4FB4</string>
			<key>buildPhases</key>
			<array>
				<string>89F1EE9F15A4C73B00AE4FB4</string>
				<string>89F1EEA015A4C73B00AE4FB4</string>
				<string>89F1EEA115A4C73B00AE4FB4</string>
				<string>B84806A3D6824C5B8CECF444</string>
			</array>
			<key>buildRules</key>
			<array/>
			<key>dependencies</key>
			<array/>
			<key>isa</key>
			<string>PBXNativeTarget</string>
			<key>name</key>
			<string>SampleProject</string>
			<key>productName</key>
			<string>SampleProject</string>
			<key>productReference</key>
			<string>89F1EEA315A4C73B00AE4FB4</string>
			<key>productType</key>
			<string>com.apple.product-type.application</string>
		</dict>
		<key>89F1EEA315A4C73B00AE4FB4</key>
		<dict>
			<key>explicitFileType</key>
			<string>wrapper.application</string>
			<key>includeInIndex</key>
			<string>0</string>
			<key>isa</key>
			<string>PBXFileReference</string>
			<key>path</key>
			<string>SampleProject.app</string>
			<key>sourceTree</key>
			<string>BUILT_PRODUCTS_DIR</string>
		</dict>
		<key>89F1EEA415A4C73B00AE4FB4</key>
		<dict>
			<key>children</key>
			<array>
				<string>89F1EEA315A4C73B00AE4FB4</string>
				<string>89F1EEC315A4C73B00AE4FB4</string>
			</array>
			<key>isa</key>
			<string>PBXGroup</string>
			<key>name</key>
			<string>Products</string>
			<key>sourceTree</key>
			<string>&lt;group&gt;</string>
		</dict>
		<key>89F1EEA615A4C73B00AE4FB4</key>
		<dict>
			<key>children</key>
			<array>
				<string>89F1EEA715A4C73B00AE4FB4</string>
				<string>89F1EEA915A4C73B00AE4FB4</string>
				<string>89F1EEAB15A4C73B00AE4FB4</string>
				<string>89F1EEAD15A4C73B00AE4FB4</string>
				<string>89F1EEC415A4C73B00AE4FB4</string>
				<string>B37C31BF7BE149339CB8C037</string>
				<string>9D0C6BA1184F43B596AFE47B</string>
			</array>
			<key>isa</key>
			<string>PBXGroup</string>
			<key>name</key>
			<string>Frameworks</string>
			<key>sourceTree</key>
			<string>&lt;group&gt;</string>
		</dict>
		<key>89F1EEA715A4C73B00AE4FB4</key>
		<dict>
			<key>includeInIndex</key>
			<string>1</string>
			<key>isa</key>
			<string>PBXFileReference</string>
			<key>lastKnownFileType</key>
			<string>wrapper.framework</string>
			<key>name</key>
			<string>UIKit.framework</string>
			<key>path</key>
			<string>System/Library/Frameworks/UIKit.framework</string>
			<key>sourceTree</key>
			<string>SDKROOT</string>
		</dict>
		<key>89F1EEA815A4C73B00AE4FB4</key>
		<dict>
			<key>fileRef</key>
			<string>89F1EEA715A4C73B00AE4FB4</string>
			<key>isa</key>
			<string>PBXBuildFile</string>
		</dict>
		<key>89F1EEA915A4C73B00AE4FB4</key>
		<dict>
			<key>includeInIndex</key>
			<string>1</string>
			<key>isa</key>
			<string>PBXFileReference</string>
			<key>lastKnownFileType</key>
			<string>wrapper.framework</string>
			<key>name</key>
			<string>Foundation.framework</string>
			<key>path</key>
			<string>System/Library/Frameworks/Foundation.framework</string>
			<key>sourceTree</key>
			<string>SDKROOT</string>
		</dict>
		<key>89F1EEAA15A4C73B00AE4FB4</key>
		<dict>
			<key>fileRef</key>
			<string>89F1EEA915A4C73B00AE4FB4</string>
			<key>isa</key>
			<string>PBXBuildFile</string>
		</dict>
		<key>89F1EEAB15A4C73B00AE4FB4</key>
		<dict>
			<key>includeInIndex</key>
			<string>1</string>
			<key>isa</key>
			<string>PBXFileReference</string>
			<key>lastKnownFileType</key>
			<string>wrapper.framework</string>
			<key>name</key>
			<string>CoreGraphics.framework</string>
			<key>path</key>
			<string>System/Library/Frameworks/CoreGraphics.framework</string>
			<key>sourceTree</key>
			<string>SDKROOT</string>
		</dict>
		<key>89F1EEAC15A4C73B00AE4FB4</key>
		<dict>
			<key>fileRef</key>
			<string>89F1EEAB15A4C73B00AE4FB4</string>
			<key>isa</key>
			<string>PBXBuildFile</string>
		</dict>
		<key>89F1EEAD15A4C73B00AE4FB4</key>
		<dict>
			<key>includeInIndex</key>
			<string>1</string>
			<key>isa</key>
			<string>PBXFileReference</string>
			<key>lastKnownFileType</key>
			<string>wrapper.framework</string>
			<key>name</key>
			<string>CoreData.framework</string>
			<key>path</key>
			<string>System/Library/Frameworks/CoreData.framework</string>
			<key>sourceTree</key>
			<string>SDKROOT</string>
		</dict>
		<key>89F1EEAE15A4C73B00AE4FB4</key>
		<dict>
			<key>fileRef</key>
			<string>89F1EEAD15A4C73B00AE4FB4</string>
			<key>isa</key>
			<string>PBXBuildFile</string>
		</dict>
		<key>89F1EEAF15A4C73B00AE4FB4</key>
		<dict>
			<key>children</key>
			<array>
				<string>897D09F715B093F200722A8F</string>
				<string>897D09DB15B0924A00722A8F</string>
				<string>89F1EEB815A4C73B00AE4FB4</string>
				<string>89F1EEB915A4C73B00AE4FB4</string>
				<string>89F1EEBB15A4C73B00AE4FB4</string>
				<string>89F1EEB015A4C73B00AE4FB4</string>
			</array>
			<key>isa</key>
			<string>PBXGroup</string>
			<key>path</key>
			<string>SampleProject</string>
			<key>sourceTree</key>
			<string>&lt;group&gt;</string>
		</dict>
		<key>89F1EEB015A4C73B00AE4FB4</key>
		<dict>
			<key>children</key>
			<array>
				<string>89F1EEB115A4C73B00AE4FB4</string>
				<string>89F1EEB215A4C73B00AE4FB4</string>
				<string>89F1EEB515A4C73B00AE4FB4</string>
				<string>89F1EEB715A4C73B00AE4FB4</string>
			</array>
			<key>isa</key>
			<string>PBXGroup</string>
			<key>name</key>
			<string>Supporting Files</string>
			<key>sourceTree</key>
			<string>&lt;group&gt;</string>
		</dict>
		<key>89F1EEB115A4C73B00AE4FB4</key>
		<dict>
			<key>isa</key>
			<string>PBXFileReference</string>
			<key>lastKnownFileType</key>
			<string>text.plist.xml</string>
			<key>path</key>
			<string>SampleProject-Info.plist</string>
			<key>sourceTree</key>
			<string>&lt;group&gt;</string>
		</dict>
		<key>89F1EEB215A4C73B00AE4FB4</key>
		<dict>
			<key>children</key>
			<array>
				<string>89F1EEB315A4C73B00AE4FB4</string>
			</array>
			<key>isa</key>
			<string>PBXVariantGroup</string>
			<key>name</key>
			<string>InfoPlist.strings</string>
			<key>sourceTree</key>
			<string>&lt;group&gt;</string>
		</dict>
		<key>89F1EEB315A4C73B00AE4FB4</key>
		<dict>
			<key>isa</key>
			<string>PBXFileReference</string>
			<key>lastKnownFileType</key>
			<string>text.plist.strings</string>
			<key>name</key>
			<string>en</string>
			<key>path</key>
			<string>en.lproj/InfoPlist.strings</string>
			<key>sourceTree</key>
			<string>&lt;group&gt;</string>
		</dict>
		<key>89F1EEB415A4C73B00AE4FB4</key>
		<dict>
			<key>fileRef</key>
			<string>89F1EEB215A4C73B00AE4FB4</string>
			<key>isa</key>
			<string>PBXBuildFile</string>
		</dict>
		<key>89F1EEB515A4C73B00AE4FB4</key>
		<dict>
			<key>isa</key>
			<string>PBXFileReference</string>
			<key>lastKnownFileType</key>
			<string>sourcecode.c.objc</string>
			<key>path</key>
			<string>main.m</string>
			<key>sourceTree</key>
			<string>&lt;group&gt;</string>
		</dict>
		<key>89F1EEB615A4C73B00AE4FB4</key>
		<dict>
			<key>fileRef</key>
			<string>89F1EEB515A4C73B00AE4FB4</string>
			<key>isa</key>
			<string>PBXBuildFile</string>
		</dict>
		<key>89F1EEB715A4C73B00AE4FB4</key>
		<dict>
			<key>isa</key>
			<string>PBXFileReference</string>
			<key>lastKnownFileType</key>
			<string>sourcecode.c.h</string>
			<key>path</key>
			<string>SampleProject-Prefix.pch</string>
			<key>sourceTree</key>
			<string>&lt;group&gt;</string>
		</dict>
		<key>89F1EEB815A4C73B00AE4FB4</key>
		<dict>
			<key>isa</key>
			<string>PBXFileReference</string>
			<key>lastKnownFileType</key>
			<string>sourcecode.c.h</string>
			<key>path</key>
			<string>AppDelegate.h</string>
			<key>sourceTree</key>
			<string>&lt;group&gt;</string>
		</dict>
		<key>89F1EEB915A4C73B00AE4FB4</key>
		<dict>
			<key>isa</key>
			<string>PBXFileReference</string>
			<key>lastKnownFileType</key>
			<string>sourcecode.c.objc</string>
			<key>path</key>
			<string>AppDelegate.m</string>
			<key>sourceTree</key>
			<string>&lt;group&gt;</string>
		</dict>
		<key>89F1EEBA15A4C73B00AE4FB4</key>
		<dict>
			<key>fileRef</key>
			<string>89F1EEB915A4C73B00AE4FB4</string>
			<key>isa</key>
			<string>PBXBuildFile</string>
		</dict>
		<key>89F1EEBB15A4C73B00AE4FB4</key>
		<dict>
			<key>children</key>
			<array>
				<string>89F1EEBC15A4C73B00AE4FB4</string>
			</array>
			<key>currentVersion</key>
			<string>89F1EEBC15A4C73B00AE4FB4</string>
			<key>isa</key>
			<string>XCVersionGroup</string>
			<key>path</key>
			<string>SampleProject.xcdatamodeld</string>
			<key>sourceTree</key>
			<string>&lt;group&gt;</string>
			<key>versionGroupType</key>
			<string>wrapper.xcdatamodel</string>
		</dict>
		<key>89F1EEBC15A4C73B00AE4FB4</key>
		<dict>
			<key>isa</key>
			<string>PBXFileReference</string>
			<key>lastKnownFileType</key>
			<string>wrapper.xcdatamodel</string>
			<key>path</key>
			<string>SampleProject.xcdatamodel</string>
			<key>sourceTree</key>
			<string>&lt;group&gt;</string>
		</dict>
		<key>89F1EEBD15A4C73B00AE4FB4</key>
		<dict>
			<key>fileRef</key>
			<string>89F1EEBB15A4C73B00AE4FB4</string>
			<key>isa</key>
			<string>PBXBuildFile</string>
		</dict>
		<key>89F1EEBE15A4C73B00AE4FB4</key>
		<dict>
			<key>buildActionMask</key>
			<string>2147483647</string>
			<key>files</key>
			<array>
				<string>89F1EED315A4C73B00AE4FB4</string>
				<string>897D09E815B0926200722A8F</string>
				<string>897D09EA15B0926200722A8F</string>
				<string>897D09FE15B0945400722A8F</string>
				<string>897D0A2415B0B07C00722A8F</string>
			</array>
			<key>isa</key>
			<string>PBXSourcesBuildPhase</string>
			<key>runOnlyForDeploymentPostprocessing</key>
			<string>0</string>
		</dict>
		<key>89F1EEBF15A4C73B00AE4FB4</key>
		<dict>
			<key>buildActionMask</key>
			<string>2147483647</string>
			<key>files</key>
			<array>
				<string>89F1EEC515A4C73B00AE4FB4</string>
				<string>89F1EEC615A4C73B00AE4FB4</string>
				<string>89F1EEC715A4C73B00AE4FB4</string>
				<string>89F1EEC815A4C73B00AE4FB4</string>
				<string>197CA8AB5A4845B7B4174348</string>
				<string>4944537D57D049F28365F1AE</string>
			</array>
			<key>isa</key>
			<string>PBXFrameworksBuildPhase</string>
			<key>runOnlyForDeploymentPostprocessing</key>
			<string>0</string>
		</dict>
		<key>89F1EEC015A4C73B00AE4FB4</key>
		<dict>
			<key>buildActionMask</key>
			<string>2147483647</string>
			<key>files</key>
			<array>
				<string>89F1EED015A4C73B00AE4FB4</string>
			</array>
			<key>isa</key>
			<string>PBXResourcesBuildPhase</string>
			<key>runOnlyForDeploymentPostprocessing</key>
			<string>0</string>
		</dict>
		<key>89F1EEC115A4C73B00AE4FB4</key>
		<dict>
			<key>buildActionMask</key>
			<string>2147483647</string>
			<key>files</key>
			<array/>
			<key>inputPaths</key>
			<array/>
			<key>isa</key>
			<string>PBXShellScriptBuildPhase</string>
			<key>outputPaths</key>
			<array/>
			<key>runOnlyForDeploymentPostprocessing</key>
			<string>0</string>
			<key>shellPath</key>
			<string>/bin/sh</string>
			<key>shellScript</key>
			<string># Run the unit tests in this test bundle.
"${SYSTEM_DEVELOPER_DIR}/Tools/RunUnitTests"
</string>
		</dict>
		<key>89F1EEC215A4C73B00AE4FB4</key>
		<dict>
			<key>buildConfigurationList</key>
			<string>89F1EED915A4C73B00AE4FB4</string>
			<key>buildPhases</key>
			<array>
				<string>89F1EEBE15A4C73B00AE4FB4</string>
				<string>89F1EEBF15A4C73B00AE4FB4</string>
				<string>89F1EEC015A4C73B00AE4FB4</string>
				<string>89F1EEC115A4C73B00AE4FB4</string>
				<string>B1543A5D852447818C617CF9</string>
				<string>CC38FD2FA7E7496F87C64BE5</string>
				<string>6A6293ED6EB1444285671211</string>
			</array>
			<key>buildRules</key>
			<array/>
			<key>dependencies</key>
			<array>
				<string>89F1EECA15A4C73B00AE4FB4</string>
			</array>
			<key>isa</key>
			<string>PBXNativeTarget</string>
			<key>name</key>
			<string>SampleProjectTests</string>
			<key>productName</key>
			<string>SampleProjectTests</string>
			<key>productReference</key>
			<string>89F1EEC315A4C73B00AE4FB4</string>
			<key>productType</key>
			<string>com.apple.product-type.bundle</string>
		</dict>
		<key>89F1EEC315A4C73B00AE4FB4</key>
		<dict>
			<key>explicitFileType</key>
			<string>wrapper.cfbundle</string>
			<key>includeInIndex</key>
			<string>0</string>
			<key>isa</key>
			<string>PBXFileReference</string>
			<key>path</key>
			<string>SampleProjectTests.octest</string>
			<key>sourceTree</key>
			<string>BUILT_PRODUCTS_DIR</string>
		</dict>
		<key>89F1EEC415A4C73B00AE4FB4</key>
		<dict>
			<key>includeInIndex</key>
			<string>1</string>
			<key>isa</key>
			<string>PBXFileReference</string>
			<key>lastKnownFileType</key>
			<string>wrapper.framework</string>
			<key>name</key>
			<string>SenTestingKit.framework</string>
			<key>path</key>
			<string>Library/Frameworks/SenTestingKit.framework</string>
			<key>sourceTree</key>
			<string>DEVELOPER_DIR</string>
		</dict>
		<key>89F1EEC515A4C73B00AE4FB4</key>
		<dict>
			<key>fileRef</key>
			<string>89F1EEC415A4C73B00AE4FB4</string>
			<key>isa</key>
			<string>PBXBuildFile</string>
		</dict>
		<key>89F1EEC615A4C73B00AE4FB4</key>
		<dict>
			<key>fileRef</key>
			<string>89F1EEA715A4C73B00AE4FB4</string>
			<key>isa</key>
			<string>PBXBuildFile</string>
		</dict>
		<key>89F1EEC715A4C73B00AE4FB4</key>
		<dict>
			<key>fileRef</key>
			<string>89F1EEA915A4C73B00AE4FB4</string>
			<key>isa</key>
			<string>PBXBuildFile</string>
		</dict>
		<key>89F1EEC815A4C73B00AE4FB4</key>
		<dict>
			<key>fileRef</key>
			<string>89F1EEAD15A4C73B00AE4FB4</string>
			<key>isa</key>
			<string>PBXBuildFile</string>
		</dict>
		<key>89F1EEC915A4C73B00AE4FB4</key>
		<dict>
			<key>containerPortal</key>
			<string>89F1EE9A15A4C73B00AE4FB4</string>
			<key>isa</key>
			<string>PBXContainerItemProxy</string>
			<key>proxyType</key>
			<string>1</string>
			<key>remoteGlobalIDString</key>
			<string>89F1EEA215A4C73B00AE4FB4</string>
			<key>remoteInfo</key>
			<string>SampleProject</string>
		</dict>
		<key>89F1EECA15A4C73B00AE4FB4</key>
		<dict>
			<key>isa</key>
			<string>PBXTargetDependency</string>
			<key>target</key>
			<string>89F1EEA215A4C73B00AE4FB4</string>
			<key>targetProxy</key>
			<string>89F1EEC915A4C73B00AE4FB4</string>
		</dict>
		<key>89F1EECB15A4C73B00AE4FB4</key>
		<dict>
			<key>children</key>
			<array>
				<string>89F1EED115A4C73B00AE4FB4</string>
				<string>89F1EED215A4C73B00AE4FB4</string>
				<string>897D09FC15B0945400722A8F</string>
				<string>897D09FD15B0945400722A8F</string>
				<string>89F1EECC15A4C73B00AE4FB4</string>
				<string>897D0A2215B0B07C00722A8F</string>
				<string>897D0A2315B0B07C00722A8F</string>
			</array>
			<key>isa</key>
			<string>PBXGroup</string>
			<key>path</key>
			<string>SampleProjectTests</string>
			<key>sourceTree</key>
			<string>&lt;group&gt;</string>
		</dict>
		<key>89F1EECC15A4C73B00AE4FB4</key>
		<dict>
			<key>children</key>
			<array>
				<string>89F1EECD15A4C73B00AE4FB4</string>
				<string>89F1EECE15A4C73B00AE4FB4</string>
			</array>
			<key>isa</key>
			<string>PBXGroup</string>
			<key>name</key>
			<string>Supporting Files</string>
			<key>sourceTree</key>
			<string>&lt;group&gt;</string>
		</dict>
		<key>89F1EECD15A4C73B00AE4FB4</key>
		<dict>
			<key>isa</key>
			<string>PBXFileReference</string>
			<key>lastKnownFileType</key>
			<string>text.plist.xml</string>
			<key>path</key>
			<string>SampleProjectTests-Info.plist</string>
			<key>sourceTree</key>
			<string>&lt;group&gt;</string>
		</dict>
		<key>89F1EECE15A4C73B00AE4FB4</key>
		<dict>
			<key>children</key>
			<array>
				<string>89F1EECF15A4C73B00AE4FB4</string>
			</array>
			<key>isa</key>
			<string>PBXVariantGroup</string>
			<key>name</key>
			<string>InfoPlist.strings</string>
			<key>sourceTree</key>
			<string>&lt;group&gt;</string>
		</dict>
		<key>89F1EECF15A4C73B00AE4FB4</key>
		<dict>
			<key>isa</key>
			<string>PBXFileReference</string>
			<key>lastKnownFileType</key>
			<string>text.plist.strings</string>
			<key>name</key>
			<string>en</string>
			<key>path</key>
			<string>en.lproj/InfoPlist.strings</string>
			<key>sourceTree</key>
			<string>&lt;group&gt;</string>
		</dict>
		<key>89F1EED015A4C73B00AE4FB4</key>
		<dict>
			<key>fileRef</key>
			<string>89F1EECE15A4C73B00AE4FB4</string>
			<key>isa</key>
			<string>PBXBuildFile</string>
		</dict>
		<key>89F1EED115A4C73B00AE4FB4</key>
		<dict>
			<key>isa</key>
			<string>PBXFileReference</string>
			<key>lastKnownFileType</key>
			<string>sourcecode.c.h</string>
			<key>path</key>
			<string>SampleProjectTests.h</string>
			<key>sourceTree</key>
			<string>&lt;group&gt;</string>
		</dict>
		<key>89F1EED215A4C73B00AE4FB4</key>
		<dict>
			<key>isa</key>
			<string>PBXFileReference</string>
			<key>lastKnownFileType</key>
			<string>sourcecode.c.objc</string>
			<key>path</key>
			<string>SampleProjectTests.m</string>
			<key>sourceTree</key>
			<string>&lt;group&gt;</string>
		</dict>
		<key>89F1EED315A4C73B00AE4FB4</key>
		<dict>
			<key>fileRef</key>
			<string>89F1EED215A4C73B00AE4FB4</string>
			<key>isa</key>
			<string>PBXBuildFile</string>
		</dict>
		<key>89F1EED415A4C73B00AE4FB4</key>
		<dict>
			<key>buildSettings</key>
			<dict>
				<key>ALWAYS_SEARCH_USER_PATHS</key>
				<string>NO</string>
				<key>ARCHS</key>
				<string>$(ARCHS_STANDARD_32_BIT)</string>
				<key>CLANG_ENABLE_OBJC_ARC</key>
				<string>YES</string>
				<key>CODE_SIGN_IDENTITY[sdk=iphoneos*]</key>
				<string>iPhone Developer</string>
				<key>COPY_PHASE_STRIP</key>
				<string>NO</string>
				<key>GCC_C_LANGUAGE_STANDARD</key>
				<string>gnu99</string>
				<key>GCC_DYNAMIC_NO_PIC</key>
				<string>NO</string>
				<key>GCC_OPTIMIZATION_LEVEL</key>
				<string>0</string>
				<key>GCC_PREPROCESSOR_DEFINITIONS</key>
				<array>
					<string>DEBUG=1</string>
					<string>$(inherited)</string>
				</array>
				<key>GCC_SYMBOLS_PRIVATE_EXTERN</key>
				<string>NO</string>
				<key>GCC_VERSION</key>
				<string>com.apple.compilers.llvm.clang.1_0</string>
				<key>GCC_WARN_ABOUT_RETURN_TYPE</key>
				<string>YES</string>
				<key>GCC_WARN_UNINITIALIZED_AUTOS</key>
				<string>YES</string>
				<key>GCC_WARN_UNUSED_VARIABLE</key>
				<string>YES</string>
				<key>IPHONEOS_DEPLOYMENT_TARGET</key>
				<string>5.1</string>
				<key>SDKROOT</key>
				<string>iphoneos</string>
			</dict>
			<key>isa</key>
			<string>XCBuildConfiguration</string>
			<key>name</key>
			<string>Debug</string>
		</dict>
		<key>89F1EED515A4C73B00AE4FB4</key>
		<dict>
			<key>buildSettings</key>
			<dict>
				<key>ALWAYS_SEARCH_USER_PATHS</key>
				<string>NO</string>
				<key>ARCHS</key>
				<string>$(ARCHS_STANDARD_32_BIT)</string>
				<key>CLANG_ENABLE_OBJC_ARC</key>
				<string>YES</string>
				<key>CODE_SIGN_IDENTITY[sdk=iphoneos*]</key>
				<string>iPhone Developer</string>
				<key>COPY_PHASE_STRIP</key>
				<string>YES</string>
				<key>GCC_C_LANGUAGE_STANDARD</key>
				<string>gnu99</string>
				<key>GCC_VERSION</key>
				<string>com.apple.compilers.llvm.clang.1_0</string>
				<key>GCC_WARN_ABOUT_RETURN_TYPE</key>
				<string>YES</string>
				<key>GCC_WARN_UNINITIALIZED_AUTOS</key>
				<string>YES</string>
				<key>GCC_WARN_UNUSED_VARIABLE</key>
				<string>YES</string>
				<key>IPHONEOS_DEPLOYMENT_TARGET</key>
				<string>5.1</string>
				<key>OTHER_CFLAGS</key>
				<string>-DNS_BLOCK_ASSERTIONS=1</string>
				<key>SDKROOT</key>
				<string>iphoneos</string>
				<key>VALIDATE_PRODUCT</key>
				<string>YES</string>
			</dict>
			<key>isa</key>
			<string>XCBuildConfiguration</string>
			<key>name</key>
			<string>Release</string>
		</dict>
		<key>89F1EED615A4C73B00AE4FB4</key>
		<dict>
			<key>buildConfigurations</key>
			<array>
				<string>89F1EED715A4C73B00AE4FB4</string>
				<string>89F1EED815A4C73B00AE4FB4</string>
			</array>
			<key>defaultConfigurationIsVisible</key>
			<string>0</string>
			<key>defaultConfigurationName</key>
			<string>Release</string>
			<key>isa</key>
			<string>XCConfigurationList</string>
		</dict>
		<key>89F1EED715A4C73B00AE4FB4</key>
		<dict>
			<key>baseConfigurationReference</key>
			<string>59C4037313284DBF93B47093</string>
			<key>buildSettings</key>
			<dict>
				<key>GCC_PRECOMPILE_PREFIX_HEADER</key>
				<string>YES</string>
				<key>GCC_PREFIX_HEADER</key>
				<string>SampleProject/SampleProject-Prefix.pch</string>
				<key>INFOPLIST_FILE</key>
				<string>SampleProject/SampleProject-Info.plist</string>
				<key>PRODUCT_NAME</key>
				<string>$(TARGET_NAME)</string>
				<key>USER_HEADER_SEARCH_PATHS</key>
				<string></string>
				<key>WRAPPER_EXTENSION</key>
				<string>app</string>
			</dict>
			<key>isa</key>
			<string>XCBuildConfiguration</string>
			<key>name</key>
			<string>Debug</string>
		</dict>
		<key>89F1EED815A4C73B00AE4FB4</key>
		<dict>
			<key>baseConfigurationReference</key>
			<string>59C4037313284DBF93B47093</string>
			<key>buildSettings</key>
			<dict>
				<key>GCC_PRECOMPILE_PREFIX_HEADER</key>
				<string>YES</string>
				<key>GCC_PREFIX_HEADER</key>
				<string>SampleProject/SampleProject-Prefix.pch</string>
				<key>INFOPLIST_FILE</key>
				<string>SampleProject/SampleProject-Info.plist</string>
				<key>PRODUCT_NAME</key>
				<string>$(TARGET_NAME)</string>
				<key>USER_HEADER_SEARCH_PATHS</key>
				<string></string>
				<key>WRAPPER_EXTENSION</key>
				<string>app</string>
			</dict>
			<key>isa</key>
			<string>XCBuildConfiguration</string>
			<key>name</key>
			<string>Release</string>
		</dict>
		<key>89F1EED915A4C73B00AE4FB4</key>
		<dict>
			<key>buildConfigurations</key>
			<array>
				<string>89F1EEDA15A4C73B00AE4FB4</string>
				<string>89F1EEDB15A4C73B00AE4FB4</string>
			</array>
			<key>defaultConfigurationIsVisible</key>
			<string>0</string>
			<key>defaultConfigurationName</key>
			<string>Release</string>
			<key>isa</key>
			<string>XCConfigurationList</string>
		</dict>
		<key>89F1EEDA15A4C73B00AE4FB4</key>
		<dict>
			<key>baseConfigurationReference</key>
			<string>ED94BC9174574D97B32EBAE7</string>
			<key>buildSettings</key>
			<dict>
				<key>BUNDLE_LOADER</key>
				<string>$(BUILT_PRODUCTS_DIR)/SampleProject.app/SampleProject</string>
				<key>FRAMEWORK_SEARCH_PATHS</key>
				<array>
					<string>$(SDKROOT)/Developer/Library/Frameworks</string>
					<string>$(DEVELOPER_LIBRARY_DIR)/Frameworks</string>
				</array>
				<key>GCC_PRECOMPILE_PREFIX_HEADER</key>
				<string>YES</string>
				<key>GCC_PREFIX_HEADER</key>
				<string>SampleProject/SampleProject-Prefix.pch</string>
				<key>INFOPLIST_FILE</key>
				<string>SampleProjectTests/SampleProjectTests-Info.plist</string>
				<key>PRODUCT_NAME</key>
				<string>$(TARGET_NAME)</string>
				<key>TEST_HOST</key>
				<string>$(BUNDLE_LOADER)</string>
				<key>WRAPPER_EXTENSION</key>
				<string>octest</string>
			</dict>
			<key>isa</key>
			<string>XCBuildConfiguration</string>
			<key>name</key>
			<string>Debug</string>
		</dict>
		<key>89F1EEDB15A4C73B00AE4FB4</key>
		<dict>
			<key>baseConfigurationReference</key>
			<string>ED94BC9174574D97B32EBAE7</string>
			<key>buildSettings</key>
			<dict>
				<key>BUNDLE_LOADER</key>
				<string>$(BUILT_PRODUCTS_DIR)/SampleProject.app/SampleProject</string>
				<key>FRAMEWORK_SEARCH_PATHS</key>
				<array>
					<string>$(SDKROOT)/Developer/Library/Frameworks</string>
					<string>$(DEVELOPER_LIBRARY_DIR)/Frameworks</string>
				</array>
				<key>GCC_PRECOMPILE_PREFIX_HEADER</key>
				<string>YES</string>
				<key>GCC_PREFIX_HEADER</key>
				<string>SampleProject/SampleProject-Prefix.pch</string>
				<key>INFOPLIST_FILE</key>
				<string>SampleProjectTests/SampleProjectTests-Info.plist</string>
				<key>PRODUCT_NAME</key>
				<string>$(TARGET_NAME)</string>
				<key>TEST_HOST</key>
				<string>$(BUNDLE_LOADER)</string>
				<key>WRAPPER_EXTENSION</key>
				<string>octest</string>
			</dict>
			<key>isa</key>
			<string>XCBuildConfiguration</string>
			<key>name</key>
			<string>Release</string>
		</dict>
		<key>9D0C6BA1184F43B596AFE47B</key>
		<dict>
			<key>explicitFileType</key>
			<string>archive.ar</string>
			<key>includeInIndex</key>
			<string>0</string>
			<key>isa</key>
			<string>PBXFileReference</string>
			<key>name</key>
			<string>libPods-test.a</string>
			<key>path</key>
			<string>libPods-test.a</string>
			<key>sourceTree</key>
			<string>BUILT_PRODUCTS_DIR</string>
		</dict>
		<key>B1543A5D852447818C617CF9</key>
		<dict>
			<key>buildActionMask</key>
			<string>2147483647</string>
			<key>files</key>
			<array/>
			<key>inputPaths</key>
			<array/>
			<key>isa</key>
			<string>PBXShellScriptBuildPhase</string>
			<key>name</key>
			<string>Copy Pods Resources</string>
			<key>outputPaths</key>
			<array/>
			<key>runOnlyForDeploymentPostprocessing</key>
			<string>0</string>
			<key>shellPath</key>
			<string>/bin/sh</string>
			<key>shellScript</key>
			<string>"${SRCROOT}/Pods/Pods-test-resources.sh"
</string>
		</dict>
		<key>B37C31BF7BE149339CB8C037</key>
		<dict>
			<key>explicitFileType</key>
			<string>archive.ar</string>
			<key>includeInIndex</key>
			<string>0</string>
			<key>isa</key>
			<string>PBXFileReference</string>
			<key>path</key>
			<string>libPods-test.a</string>
			<key>sourceTree</key>
			<string>BUILT_PRODUCTS_DIR</string>
		</dict>
		<key>B84806A3D6824C5B8CECF444</key>
		<dict>
			<key>buildActionMask</key>
			<string>2147483647</string>
			<key>files</key>
			<array/>
			<key>inputPaths</key>
			<array/>
			<key>isa</key>
			<string>PBXShellScriptBuildPhase</string>
			<key>name</key>
			<string>Copy Pods Resources</string>
			<key>outputPaths</key>
			<array/>
			<key>runOnlyForDeploymentPostprocessing</key>
			<string>0</string>
			<key>shellPath</key>
			<string>/bin/sh</string>
			<key>shellScript</key>
			<string>"${SRCROOT}/Pods/Pods-resources.sh"
</string>
		</dict>
		<key>CC38FD2FA7E7496F87C64BE5</key>
		<dict>
			<key>buildActionMask</key>
			<string>2147483647</string>
			<key>files</key>
			<array/>
			<key>inputPaths</key>
			<array/>
			<key>isa</key>
			<string>PBXShellScriptBuildPhase</string>
			<key>name</key>
			<string>Copy Pods Resources</string>
			<key>outputPaths</key>
			<array/>
			<key>runOnlyForDeploymentPostprocessing</key>
			<string>0</string>
			<key>shellPath</key>
			<string>/bin/sh</string>
			<key>shellScript</key>
			<string>"${SRCROOT}/Pods/Pods-test-resources.sh"
</string>
		</dict>
		<key>ED94BC9174574D97B32EBAE7</key>
		<dict>
			<key>includeInIndex</key>
			<string>1</string>
			<key>isa</key>
			<string>PBXFileReference</string>
			<key>lastKnownFileType</key>
			<string>text.xcconfig</string>
			<key>name</key>
			<string>Pods-test.xcconfig</string>
			<key>path</key>
			<string>Pods/Pods-test.xcconfig</string>
			<key>sourceTree</key>
			<string>SOURCE_ROOT</string>
		</dict>
	</dict>
	<key>rootObject</key>
	<string>89F1EE9A15A4C73B00AE4FB4</string>
</dict>
</plist>
