// !$*UTF8*$!
{
	archiveVersion = 1;
	classes = {
	};
	objectVersion = 46;
	objects = {

/* Begin PBXBuildFile section */
		496F953D174CCCBA00220FD1 /* OBRPerson.m in Sources */ = {isa = PBXBuildFile; fileRef = 496F953C174CCCBA00220FD1 /* OBRPerson.m */; };
		6433E5B9184D89EC008EF278 /* Person.m in Sources */ = {isa = PBXBuildFile; fileRef = 6433E5B8184D89EC008EF278 /* Person.m */; };
		6433E5C2184E83C2008EF278 /* InsuranceCompany.m in Sources */ = {isa = PBXBuildFile; fileRef = 6433E5C1184E83C2008EF278 /* InsuranceCompany.m */; };
		6433E5C5184E83D6008EF278 /* Car.m in Sources */ = {isa = PBXBuildFile; fileRef = 6433E5C4184E83D6008EF278 /* Car.m */; };
		892C1E91165D54160077F2CB /* Default-568h@2x.png in Resources */ = {isa = PBXBuildFile; fileRef = 892C1E90165D54160077F2CB /* Default-568h@2x.png */; };
		8956CE641754EE6A00BD551C /* MappingsTests.m in Sources */ = {isa = PBXBuildFile; fileRef = 8956CE631754EE6A00BD551C /* MappingsTests.m */; };
		89702F25173E57AA00149BD5 /* SampleProject.xcdatamodeld in Sources */ = {isa = PBXBuildFile; fileRef = 89F1EEBB15A4C73B00AE4FB4 /* SampleProject.xcdatamodeld */; };
		897AD0C71758D99A006869BA /* Person+Mappings.m in Sources */ = {isa = PBXBuildFile; fileRef = 897AD0C61758D99A006869BA /* Person+Mappings.m */; };
		897AD0CA1758D9A6006869BA /* Car+Mappings.m in Sources */ = {isa = PBXBuildFile; fileRef = 897AD0C91758D9A6006869BA /* Car+Mappings.m */; };
		897D09FE15B0945400722A8F /* FindersAndCreatorsTests.m in Sources */ = {isa = PBXBuildFile; fileRef = 897D09FD15B0945400722A8F /* FindersAndCreatorsTests.m */; };
		8990C3161785C2F500212182 /* CoreDataManagerTests.m in Sources */ = {isa = PBXBuildFile; fileRef = 8990C3151785C2F500212182 /* CoreDataManagerTests.m */; };
		89F1EEA815A4C73B00AE4FB4 /* UIKit.framework in Frameworks */ = {isa = PBXBuildFile; fileRef = 89F1EEA715A4C73B00AE4FB4 /* UIKit.framework */; };
		89F1EEAA15A4C73B00AE4FB4 /* Foundation.framework in Frameworks */ = {isa = PBXBuildFile; fileRef = 89F1EEA915A4C73B00AE4FB4 /* Foundation.framework */; };
		89F1EEAC15A4C73B00AE4FB4 /* CoreGraphics.framework in Frameworks */ = {isa = PBXBuildFile; fileRef = 89F1EEAB15A4C73B00AE4FB4 /* CoreGraphics.framework */; };
		89F1EEAE15A4C73B00AE4FB4 /* CoreData.framework in Frameworks */ = {isa = PBXBuildFile; fileRef = 89F1EEAD15A4C73B00AE4FB4 /* CoreData.framework */; };
		89F1EEB415A4C73B00AE4FB4 /* InfoPlist.strings in Resources */ = {isa = PBXBuildFile; fileRef = 89F1EEB215A4C73B00AE4FB4 /* InfoPlist.strings */; };
		89F1EEB615A4C73B00AE4FB4 /* main.m in Sources */ = {isa = PBXBuildFile; fileRef = 89F1EEB515A4C73B00AE4FB4 /* main.m */; };
		89F1EEBA15A4C73B00AE4FB4 /* AppDelegate.m in Sources */ = {isa = PBXBuildFile; fileRef = 89F1EEB915A4C73B00AE4FB4 /* AppDelegate.m */; };
		89F1EEBD15A4C73B00AE4FB4 /* SampleProject.xcdatamodeld in Sources */ = {isa = PBXBuildFile; fileRef = 89F1EEBB15A4C73B00AE4FB4 /* SampleProject.xcdatamodeld */; };
		89F1EEC615A4C73B00AE4FB4 /* UIKit.framework in Frameworks */ = {isa = PBXBuildFile; fileRef = 89F1EEA715A4C73B00AE4FB4 /* UIKit.framework */; };
		89F1EEC715A4C73B00AE4FB4 /* Foundation.framework in Frameworks */ = {isa = PBXBuildFile; fileRef = 89F1EEA915A4C73B00AE4FB4 /* Foundation.framework */; };
		89F1EEC815A4C73B00AE4FB4 /* CoreData.framework in Frameworks */ = {isa = PBXBuildFile; fileRef = 89F1EEAD15A4C73B00AE4FB4 /* CoreData.framework */; };
		89F1EED015A4C73B00AE4FB4 /* InfoPlist.strings in Resources */ = {isa = PBXBuildFile; fileRef = 89F1EECE15A4C73B00AE4FB4 /* InfoPlist.strings */; };
		9701BF4FCD84477FA76795B9 /* libPods.a in Frameworks */ = {isa = PBXBuildFile; fileRef = 0EE71E2B92554B48A0914E08 /* libPods.a */; };
		EBC606FFB7794B46B70E85E5 /* libPods-SampleProjectTests.a in Frameworks */ = {isa = PBXBuildFile; fileRef = C3D6081CC9E14BB688C96629 /* libPods-SampleProjectTests.a */; };
		FA91A5E91875B9FE00BE74DD /* InsuranceCompany+Mappings.m in Sources */ = {isa = PBXBuildFile; fileRef = FA91A5E81875B9FD00BE74DD /* InsuranceCompany+Mappings.m */; };
/* End PBXBuildFile section */

/* Begin PBXContainerItemProxy section */
		89F1EEC915A4C73B00AE4FB4 /* PBXContainerItemProxy */ = {
			isa = PBXContainerItemProxy;
			containerPortal = 89F1EE9A15A4C73B00AE4FB4 /* Project object */;
			proxyType = 1;
			remoteGlobalIDString = 89F1EEA215A4C73B00AE4FB4;
			remoteInfo = SampleProject;
		};
/* End PBXContainerItemProxy section */

/* Begin PBXFileReference section */
		0EE71E2B92554B48A0914E08 /* libPods.a */ = {isa = PBXFileReference; explicitFileType = archive.ar; includeInIndex = 0; path = libPods.a; sourceTree = BUILT_PRODUCTS_DIR; };
		496F953B174CCCBA00220FD1 /* OBRPerson.h */ = {isa = PBXFileReference; fileEncoding = 4; lastKnownFileType = sourcecode.c.h; path = OBRPerson.h; sourceTree = "<group>"; };
		496F953C174CCCBA00220FD1 /* OBRPerson.m */ = {isa = PBXFileReference; fileEncoding = 4; lastKnownFileType = sourcecode.c.objc; path = OBRPerson.m; sourceTree = "<group>"; };
		6433E5B7184D89EC008EF278 /* Person.h */ = {isa = PBXFileReference; fileEncoding = 4; lastKnownFileType = sourcecode.c.h; path = Person.h; sourceTree = "<group>"; };
		6433E5B8184D89EC008EF278 /* Person.m */ = {isa = PBXFileReference; fileEncoding = 4; lastKnownFileType = sourcecode.c.objc; path = Person.m; sourceTree = "<group>"; };
		6433E5C0184E83C2008EF278 /* InsuranceCompany.h */ = {isa = PBXFileReference; fileEncoding = 4; lastKnownFileType = sourcecode.c.h; path = InsuranceCompany.h; sourceTree = "<group>"; };
		6433E5C1184E83C2008EF278 /* InsuranceCompany.m */ = {isa = PBXFileReference; fileEncoding = 4; lastKnownFileType = sourcecode.c.objc; path = InsuranceCompany.m; sourceTree = "<group>"; };
		6433E5C3184E83D6008EF278 /* Car.h */ = {isa = PBXFileReference; fileEncoding = 4; lastKnownFileType = sourcecode.c.h; path = Car.h; sourceTree = "<group>"; };
		6433E5C4184E83D6008EF278 /* Car.m */ = {isa = PBXFileReference; fileEncoding = 4; lastKnownFileType = sourcecode.c.objc; path = Car.m; sourceTree = "<group>"; };
		892C1E90165D54160077F2CB /* Default-568h@2x.png */ = {isa = PBXFileReference; lastKnownFileType = image.png; path = "Default-568h@2x.png"; sourceTree = "<group>"; };
		8956CE631754EE6A00BD551C /* MappingsTests.m */ = {isa = PBXFileReference; fileEncoding = 4; lastKnownFileType = sourcecode.c.objc; path = MappingsTests.m; sourceTree = "<group>"; };
		897AD0C51758D99A006869BA /* Person+Mappings.h */ = {isa = PBXFileReference; fileEncoding = 4; lastKnownFileType = sourcecode.c.h; name = "Person+Mappings.h"; path = "Categories/Person+Mappings.h"; sourceTree = "<group>"; };
		897AD0C61758D99A006869BA /* Person+Mappings.m */ = {isa = PBXFileReference; fileEncoding = 4; lastKnownFileType = sourcecode.c.objc; name = "Person+Mappings.m"; path = "Categories/Person+Mappings.m"; sourceTree = "<group>"; };
		897AD0C81758D9A6006869BA /* Car+Mappings.h */ = {isa = PBXFileReference; fileEncoding = 4; lastKnownFileType = sourcecode.c.h; name = "Car+Mappings.h"; path = "Categories/Car+Mappings.h"; sourceTree = "<group>"; };
		897AD0C91758D9A6006869BA /* Car+Mappings.m */ = {isa = PBXFileReference; fileEncoding = 4; lastKnownFileType = sourcecode.c.objc; name = "Car+Mappings.m"; path = "Categories/Car+Mappings.m"; sourceTree = "<group>"; };
		897D09FD15B0945400722A8F /* FindersAndCreatorsTests.m */ = {isa = PBXFileReference; fileEncoding = 4; lastKnownFileType = sourcecode.c.objc; path = FindersAndCreatorsTests.m; sourceTree = "<group>"; };
		8990C3151785C2F500212182 /* CoreDataManagerTests.m */ = {isa = PBXFileReference; fileEncoding = 4; lastKnownFileType = sourcecode.c.objc; path = CoreDataManagerTests.m; sourceTree = "<group>"; };
		89F1EEA315A4C73B00AE4FB4 /* SampleProject.app */ = {isa = PBXFileReference; explicitFileType = wrapper.application; includeInIndex = 0; path = SampleProject.app; sourceTree = BUILT_PRODUCTS_DIR; };
		89F1EEA715A4C73B00AE4FB4 /* UIKit.framework */ = {isa = PBXFileReference; includeInIndex = 1; lastKnownFileType = wrapper.framework; name = UIKit.framework; path = System/Library/Frameworks/UIKit.framework; sourceTree = SDKROOT; };
		89F1EEA915A4C73B00AE4FB4 /* Foundation.framework */ = {isa = PBXFileReference; includeInIndex = 1; lastKnownFileType = wrapper.framework; name = Foundation.framework; path = System/Library/Frameworks/Foundation.framework; sourceTree = SDKROOT; };
		89F1EEAB15A4C73B00AE4FB4 /* CoreGraphics.framework */ = {isa = PBXFileReference; includeInIndex = 1; lastKnownFileType = wrapper.framework; name = CoreGraphics.framework; path = System/Library/Frameworks/CoreGraphics.framework; sourceTree = SDKROOT; };
		89F1EEAD15A4C73B00AE4FB4 /* CoreData.framework */ = {isa = PBXFileReference; includeInIndex = 1; lastKnownFileType = wrapper.framework; name = CoreData.framework; path = System/Library/Frameworks/CoreData.framework; sourceTree = SDKROOT; };
		89F1EEB115A4C73B00AE4FB4 /* SampleProject-Info.plist */ = {isa = PBXFileReference; lastKnownFileType = text.plist.xml; path = "SampleProject-Info.plist"; sourceTree = "<group>"; };
		89F1EEB315A4C73B00AE4FB4 /* en */ = {isa = PBXFileReference; lastKnownFileType = text.plist.strings; name = en; path = en.lproj/InfoPlist.strings; sourceTree = "<group>"; };
		89F1EEB515A4C73B00AE4FB4 /* main.m */ = {isa = PBXFileReference; lastKnownFileType = sourcecode.c.objc; path = main.m; sourceTree = "<group>"; };
		89F1EEB715A4C73B00AE4FB4 /* SampleProject-Prefix.pch */ = {isa = PBXFileReference; lastKnownFileType = sourcecode.c.h; path = "SampleProject-Prefix.pch"; sourceTree = "<group>"; };
		89F1EEB815A4C73B00AE4FB4 /* AppDelegate.h */ = {isa = PBXFileReference; lastKnownFileType = sourcecode.c.h; path = AppDelegate.h; sourceTree = "<group>"; };
		89F1EEB915A4C73B00AE4FB4 /* AppDelegate.m */ = {isa = PBXFileReference; lastKnownFileType = sourcecode.c.objc; path = AppDelegate.m; sourceTree = "<group>"; };
		89F1EEBC15A4C73B00AE4FB4 /* SampleProject.xcdatamodel */ = {isa = PBXFileReference; lastKnownFileType = wrapper.xcdatamodel; path = SampleProject.xcdatamodel; sourceTree = "<group>"; };
		89F1EEC315A4C73B00AE4FB4 /* SampleProjectTests.xctest */ = {isa = PBXFileReference; explicitFileType = wrapper.cfbundle; includeInIndex = 0; path = SampleProjectTests.xctest; sourceTree = BUILT_PRODUCTS_DIR; };
		89F1EECD15A4C73B00AE4FB4 /* SampleProjectTests-Info.plist */ = {isa = PBXFileReference; lastKnownFileType = text.plist.xml; path = "SampleProjectTests-Info.plist"; sourceTree = "<group>"; };
		89F1EECF15A4C73B00AE4FB4 /* en */ = {isa = PBXFileReference; lastKnownFileType = text.plist.strings; name = en; path = en.lproj/InfoPlist.strings; sourceTree = "<group>"; };
		A5F4AE16E7FA4739830EBD2A /* Pods-SampleProjectTests.xcconfig */ = {isa = PBXFileReference; includeInIndex = 1; lastKnownFileType = text.xcconfig; name = "Pods-SampleProjectTests.xcconfig"; path = "Pods/Pods-SampleProjectTests.xcconfig"; sourceTree = SOURCE_ROOT; };
		C3D6081CC9E14BB688C96629 /* libPods-SampleProjectTests.a */ = {isa = PBXFileReference; explicitFileType = archive.ar; includeInIndex = 0; path = "libPods-SampleProjectTests.a"; sourceTree = BUILT_PRODUCTS_DIR; };
		D5E6E703ADFB432282251ADF /* Pods.xcconfig */ = {isa = PBXFileReference; includeInIndex = 1; lastKnownFileType = text.xcconfig; name = Pods.xcconfig; path = Pods/Pods.xcconfig; sourceTree = SOURCE_ROOT; };
		FA91A5E71875B9FD00BE74DD /* InsuranceCompany+Mappings.h */ = {isa = PBXFileReference; fileEncoding = 4; lastKnownFileType = sourcecode.c.h; name = "InsuranceCompany+Mappings.h"; path = "Categories/InsuranceCompany+Mappings.h"; sourceTree = "<group>"; };
		FA91A5E81875B9FD00BE74DD /* InsuranceCompany+Mappings.m */ = {isa = PBXFileReference; fileEncoding = 4; lastKnownFileType = sourcecode.c.objc; name = "InsuranceCompany+Mappings.m"; path = "Categories/InsuranceCompany+Mappings.m"; sourceTree = "<group>"; };
/* End PBXFileReference section */

/* Begin PBXFrameworksBuildPhase section */
		89F1EEA015A4C73B00AE4FB4 /* Frameworks */ = {
			isa = PBXFrameworksBuildPhase;
			buildActionMask = 2147483647;
			files = (
				89F1EEA815A4C73B00AE4FB4 /* UIKit.framework in Frameworks */,
				89F1EEAA15A4C73B00AE4FB4 /* Foundation.framework in Frameworks */,
				89F1EEAC15A4C73B00AE4FB4 /* CoreGraphics.framework in Frameworks */,
				89F1EEAE15A4C73B00AE4FB4 /* CoreData.framework in Frameworks */,
				9701BF4FCD84477FA76795B9 /* libPods.a in Frameworks */,
			);
			runOnlyForDeploymentPostprocessing = 0;
		};
		89F1EEBF15A4C73B00AE4FB4 /* Frameworks */ = {
			isa = PBXFrameworksBuildPhase;
			buildActionMask = 2147483647;
			files = (
				89F1EEC615A4C73B00AE4FB4 /* UIKit.framework in Frameworks */,
				89F1EEC715A4C73B00AE4FB4 /* Foundation.framework in Frameworks */,
				89F1EEC815A4C73B00AE4FB4 /* CoreData.framework in Frameworks */,
				EBC606FFB7794B46B70E85E5 /* libPods-SampleProjectTests.a in Frameworks */,
			);
			runOnlyForDeploymentPostprocessing = 0;
		};
/* End PBXFrameworksBuildPhase section */

/* Begin PBXGroup section */
		897D09F715B093F200722A8F /* Models */ = {
			isa = PBXGroup;
			children = (
				6433E5C3184E83D6008EF278 /* Car.h */,
				6433E5C4184E83D6008EF278 /* Car.m */,
				6433E5C0184E83C2008EF278 /* InsuranceCompany.h */,
				6433E5C1184E83C2008EF278 /* InsuranceCompany.m */,
				6433E5B7184D89EC008EF278 /* Person.h */,
				6433E5B8184D89EC008EF278 /* Person.m */,
				496F953B174CCCBA00220FD1 /* OBRPerson.h */,
				496F953C174CCCBA00220FD1 /* OBRPerson.m */,
				897AD0C51758D99A006869BA /* Person+Mappings.h */,
				897AD0C61758D99A006869BA /* Person+Mappings.m */,
				897AD0C81758D9A6006869BA /* Car+Mappings.h */,
				897AD0C91758D9A6006869BA /* Car+Mappings.m */,
				FA91A5E71875B9FD00BE74DD /* InsuranceCompany+Mappings.h */,
				FA91A5E81875B9FD00BE74DD /* InsuranceCompany+Mappings.m */,
			);
			path = Models;
			sourceTree = "<group>";
		};
		89F1EE9815A4C73B00AE4FB4 = {
			isa = PBXGroup;
			children = (
				892C1E90165D54160077F2CB /* Default-568h@2x.png */,
				89F1EEAF15A4C73B00AE4FB4 /* SampleProject */,
				89F1EECB15A4C73B00AE4FB4 /* SampleProjectTests */,
				89F1EEA615A4C73B00AE4FB4 /* Frameworks */,
				89F1EEA415A4C73B00AE4FB4 /* Products */,
				D5E6E703ADFB432282251ADF /* Pods.xcconfig */,
				A5F4AE16E7FA4739830EBD2A /* Pods-SampleProjectTests.xcconfig */,
			);
			indentWidth = 4;
			sourceTree = "<group>";
			tabWidth = 4;
		};
		89F1EEA415A4C73B00AE4FB4 /* Products */ = {
			isa = PBXGroup;
			children = (
				89F1EEA315A4C73B00AE4FB4 /* SampleProject.app */,
				89F1EEC315A4C73B00AE4FB4 /* SampleProjectTests.xctest */,
			);
			name = Products;
			sourceTree = "<group>";
		};
		89F1EEA615A4C73B00AE4FB4 /* Frameworks */ = {
			isa = PBXGroup;
			children = (
				89F1EEA715A4C73B00AE4FB4 /* UIKit.framework */,
				89F1EEA915A4C73B00AE4FB4 /* Foundation.framework */,
				89F1EEAB15A4C73B00AE4FB4 /* CoreGraphics.framework */,
				89F1EEAD15A4C73B00AE4FB4 /* CoreData.framework */,
				0EE71E2B92554B48A0914E08 /* libPods.a */,
				C3D6081CC9E14BB688C96629 /* libPods-SampleProjectTests.a */,
			);
			name = Frameworks;
			sourceTree = "<group>";
		};
		89F1EEAF15A4C73B00AE4FB4 /* SampleProject */ = {
			isa = PBXGroup;
			children = (
				897D09F715B093F200722A8F /* Models */,
				89F1EEB815A4C73B00AE4FB4 /* AppDelegate.h */,
				89F1EEB915A4C73B00AE4FB4 /* AppDelegate.m */,
				89F1EEBB15A4C73B00AE4FB4 /* SampleProject.xcdatamodeld */,
				89F1EEB015A4C73B00AE4FB4 /* Supporting Files */,
			);
			path = SampleProject;
			sourceTree = "<group>";
		};
		89F1EEB015A4C73B00AE4FB4 /* Supporting Files */ = {
			isa = PBXGroup;
			children = (
				89F1EEB115A4C73B00AE4FB4 /* SampleProject-Info.plist */,
				89F1EEB215A4C73B00AE4FB4 /* InfoPlist.strings */,
				89F1EEB515A4C73B00AE4FB4 /* main.m */,
				89F1EEB715A4C73B00AE4FB4 /* SampleProject-Prefix.pch */,
			);
			name = "Supporting Files";
			sourceTree = "<group>";
		};
		89F1EECB15A4C73B00AE4FB4 /* SampleProjectTests */ = {
			isa = PBXGroup;
			children = (
				89F1EECC15A4C73B00AE4FB4 /* Supporting Files */,
				897D09FD15B0945400722A8F /* FindersAndCreatorsTests.m */,
				8956CE631754EE6A00BD551C /* MappingsTests.m */,
				8990C3151785C2F500212182 /* CoreDataManagerTests.m */,
			);
			path = SampleProjectTests;
			sourceTree = "<group>";
		};
		89F1EECC15A4C73B00AE4FB4 /* Supporting Files */ = {
			isa = PBXGroup;
			children = (
				89F1EECD15A4C73B00AE4FB4 /* SampleProjectTests-Info.plist */,
				89F1EECE15A4C73B00AE4FB4 /* InfoPlist.strings */,
			);
			name = "Supporting Files";
			sourceTree = "<group>";
		};
/* End PBXGroup section */

/* Begin PBXNativeTarget section */
		89F1EEA215A4C73B00AE4FB4 /* SampleProject */ = {
			isa = PBXNativeTarget;
			buildConfigurationList = 89F1EED615A4C73B00AE4FB4 /* Build configuration list for PBXNativeTarget "SampleProject" */;
			buildPhases = (
				41FCE4D9B4F643A588FA6761 /* Check Pods Manifest.lock */,
				89F1EE9F15A4C73B00AE4FB4 /* Sources */,
				89F1EEA015A4C73B00AE4FB4 /* Frameworks */,
				89F1EEA115A4C73B00AE4FB4 /* Resources */,
				088021C66C364C3FA72F736C /* Copy Pods Resources */,
			);
			buildRules = (
			);
			dependencies = (
			);
			name = SampleProject;
			productName = SampleProject;
			productReference = 89F1EEA315A4C73B00AE4FB4 /* SampleProject.app */;
			productType = "com.apple.product-type.application";
		};
		89F1EEC215A4C73B00AE4FB4 /* SampleProjectTests */ = {
			isa = PBXNativeTarget;
			buildConfigurationList = 89F1EED915A4C73B00AE4FB4 /* Build configuration list for PBXNativeTarget "SampleProjectTests" */;
			buildPhases = (
				7643B274F0E941AFA2CAE2EB /* Check Pods Manifest.lock */,
				89F1EEBE15A4C73B00AE4FB4 /* Sources */,
				89F1EEBF15A4C73B00AE4FB4 /* Frameworks */,
				89F1EEC015A4C73B00AE4FB4 /* Resources */,
				89F1EEC115A4C73B00AE4FB4 /* ShellScript */,
				3681CEA2F10B439AABF4E693 /* Copy Pods Resources */,
			);
			buildRules = (
			);
			dependencies = (
				89F1EECA15A4C73B00AE4FB4 /* PBXTargetDependency */,
			);
			name = SampleProjectTests;
			productName = SampleProjectTests;
			productReference = 89F1EEC315A4C73B00AE4FB4 /* SampleProjectTests.xctest */;
			productType = "com.apple.product-type.bundle.unit-test";
		};
/* End PBXNativeTarget section */

/* Begin PBXProject section */
		89F1EE9A15A4C73B00AE4FB4 /* Project object */ = {
			isa = PBXProject;
			attributes = {
				LastTestingUpgradeCheck = 0510;
				LastUpgradeCheck = 0500;
			};
			buildConfigurationList = 89F1EE9D15A4C73B00AE4FB4 /* Build configuration list for PBXProject "SampleProject" */;
			compatibilityVersion = "Xcode 3.2";
			developmentRegion = English;
			hasScannedForEncodings = 0;
			knownRegions = (
				en,
			);
			mainGroup = 89F1EE9815A4C73B00AE4FB4;
			productRefGroup = 89F1EEA415A4C73B00AE4FB4 /* Products */;
			projectDirPath = "";
			projectRoot = "";
			targets = (
				89F1EEA215A4C73B00AE4FB4 /* SampleProject */,
				89F1EEC215A4C73B00AE4FB4 /* SampleProjectTests */,
			);
		};
/* End PBXProject section */

/* Begin PBXResourcesBuildPhase section */
		89F1EEA115A4C73B00AE4FB4 /* Resources */ = {
			isa = PBXResourcesBuildPhase;
			buildActionMask = 2147483647;
			files = (
				89F1EEB415A4C73B00AE4FB4 /* InfoPlist.strings in Resources */,
				892C1E91165D54160077F2CB /* Default-568h@2x.png in Resources */,
			);
			runOnlyForDeploymentPostprocessing = 0;
		};
		89F1EEC015A4C73B00AE4FB4 /* Resources */ = {
			isa = PBXResourcesBuildPhase;
			buildActionMask = 2147483647;
			files = (
				89F1EED015A4C73B00AE4FB4 /* InfoPlist.strings in Resources */,
			);
			runOnlyForDeploymentPostprocessing = 0;
		};
/* End PBXResourcesBuildPhase section */

/* Begin PBXShellScriptBuildPhase section */
		088021C66C364C3FA72F736C /* Copy Pods Resources */ = {
			isa = PBXShellScriptBuildPhase;
			buildActionMask = 2147483647;
			files = (
			);
			inputPaths = (
			);
			name = "Copy Pods Resources";
			outputPaths = (
			);
			runOnlyForDeploymentPostprocessing = 0;
			shellPath = /bin/sh;
			shellScript = "\"${SRCROOT}/Pods/Pods-resources.sh\"\n";
		};
		3681CEA2F10B439AABF4E693 /* Copy Pods Resources */ = {
			isa = PBXShellScriptBuildPhase;
			buildActionMask = 2147483647;
			files = (
			);
			inputPaths = (
			);
			name = "Copy Pods Resources";
			outputPaths = (
			);
			runOnlyForDeploymentPostprocessing = 0;
			shellPath = /bin/sh;
			shellScript = "\"${SRCROOT}/Pods/Pods-SampleProjectTests-resources.sh\"\n";
		};
		41FCE4D9B4F643A588FA6761 /* Check Pods Manifest.lock */ = {
			isa = PBXShellScriptBuildPhase;
			buildActionMask = 2147483647;
			files = (
			);
			inputPaths = (
			);
			name = "Check Pods Manifest.lock";
			outputPaths = (
			);
			runOnlyForDeploymentPostprocessing = 0;
			shellPath = /bin/sh;
			shellScript = "diff \"${PODS_ROOT}/../Podfile.lock\" \"${PODS_ROOT}/Manifest.lock\" > /dev/null\nif [[ $? != 0 ]] ; then\n    cat << EOM\nerror: The sandbox is not in sync with the Podfile.lock. Run 'pod install' or update your CocoaPods installation.\nEOM\n    exit 1\nfi\n";
		};
		7643B274F0E941AFA2CAE2EB /* Check Pods Manifest.lock */ = {
			isa = PBXShellScriptBuildPhase;
			buildActionMask = 2147483647;
			files = (
			);
			inputPaths = (
			);
			name = "Check Pods Manifest.lock";
			outputPaths = (
			);
			runOnlyForDeploymentPostprocessing = 0;
			shellPath = /bin/sh;
			shellScript = "diff \"${PODS_ROOT}/../Podfile.lock\" \"${PODS_ROOT}/Manifest.lock\" > /dev/null\nif [[ $? != 0 ]] ; then\n    cat << EOM\nerror: The sandbox is not in sync with the Podfile.lock. Run 'pod install' or update your CocoaPods installation.\nEOM\n    exit 1\nfi\n";
		};
		89F1EEC115A4C73B00AE4FB4 /* ShellScript */ = {
			isa = PBXShellScriptBuildPhase;
			buildActionMask = 2147483647;
			files = (
			);
			inputPaths = (
			);
			outputPaths = (
			);
			runOnlyForDeploymentPostprocessing = 0;
			shellPath = /bin/sh;
			shellScript = "# Run the unit tests in this test bundle.\n\"${SYSTEM_DEVELOPER_DIR}/Tools/RunUnitTests\"\n";
		};
/* End PBXShellScriptBuildPhase section */

/* Begin PBXSourcesBuildPhase section */
		89F1EE9F15A4C73B00AE4FB4 /* Sources */ = {
			isa = PBXSourcesBuildPhase;
			buildActionMask = 2147483647;
			files = (
				6433E5C5184E83D6008EF278 /* Car.m in Sources */,
				89F1EEB615A4C73B00AE4FB4 /* main.m in Sources */,
				89F1EEBA15A4C73B00AE4FB4 /* AppDelegate.m in Sources */,
				FA91A5E91875B9FE00BE74DD /* InsuranceCompany+Mappings.m in Sources */,
				6433E5B9184D89EC008EF278 /* Person.m in Sources */,
				6433E5C2184E83C2008EF278 /* InsuranceCompany.m in Sources */,
				89F1EEBD15A4C73B00AE4FB4 /* SampleProject.xcdatamodeld in Sources */,
				496F953D174CCCBA00220FD1 /* OBRPerson.m in Sources */,
				897AD0C71758D99A006869BA /* Person+Mappings.m in Sources */,
				897AD0CA1758D9A6006869BA /* Car+Mappings.m in Sources */,
			);
			runOnlyForDeploymentPostprocessing = 0;
		};
		89F1EEBE15A4C73B00AE4FB4 /* Sources */ = {
			isa = PBXSourcesBuildPhase;
			buildActionMask = 2147483647;
			files = (
				897D09FE15B0945400722A8F /* FindersAndCreatorsTests.m in Sources */,
				89702F25173E57AA00149BD5 /* SampleProject.xcdatamodeld in Sources */,
				8956CE641754EE6A00BD551C /* MappingsTests.m in Sources */,
				8990C3161785C2F500212182 /* CoreDataManagerTests.m in Sources */,
			);
			runOnlyForDeploymentPostprocessing = 0;
		};
/* End PBXSourcesBuildPhase section */

/* Begin PBXTargetDependency section */
		89F1EECA15A4C73B00AE4FB4 /* PBXTargetDependency */ = {
			isa = PBXTargetDependency;
			target = 89F1EEA215A4C73B00AE4FB4 /* SampleProject */;
			targetProxy = 89F1EEC915A4C73B00AE4FB4 /* PBXContainerItemProxy */;
		};
/* End PBXTargetDependency section */

/* Begin PBXVariantGroup section */
		89F1EEB215A4C73B00AE4FB4 /* InfoPlist.strings */ = {
			isa = PBXVariantGroup;
			children = (
				89F1EEB315A4C73B00AE4FB4 /* en */,
			);
			name = InfoPlist.strings;
			sourceTree = "<group>";
		};
		89F1EECE15A4C73B00AE4FB4 /* InfoPlist.strings */ = {
			isa = PBXVariantGroup;
			children = (
				89F1EECF15A4C73B00AE4FB4 /* en */,
			);
			name = InfoPlist.strings;
			sourceTree = "<group>";
		};
/* End PBXVariantGroup section */

/* Begin XCBuildConfiguration section */
		89F1EED415A4C73B00AE4FB4 /* Debug */ = {
			isa = XCBuildConfiguration;
			buildSettings = {
				ALWAYS_SEARCH_USER_PATHS = NO;
				CLANG_ENABLE_OBJC_ARC = YES;
				CLANG_WARN_BOOL_CONVERSION = YES;
				CLANG_WARN_CONSTANT_CONVERSION = YES;
				CLANG_WARN_EMPTY_BODY = YES;
				CLANG_WARN_ENUM_CONVERSION = YES;
				CLANG_WARN_INT_CONVERSION = YES;
				CLANG_WARN__DUPLICATE_METHOD_MATCH = YES;
				"CODE_SIGN_IDENTITY[sdk=iphoneos*]" = "iPhone Developer";
				COPY_PHASE_STRIP = NO;
				GCC_C_LANGUAGE_STANDARD = gnu99;
				GCC_DYNAMIC_NO_PIC = NO;
				GCC_OPTIMIZATION_LEVEL = 0;
				GCC_PREPROCESSOR_DEFINITIONS = (
					"DEBUG=1",
					"$(inherited)",
				);
				GCC_SYMBOLS_PRIVATE_EXTERN = NO;
				GCC_VERSION = com.apple.compilers.llvm.clang.1_0;
				GCC_WARN_64_TO_32_BIT_CONVERSION = YES;
				GCC_WARN_ABOUT_RETURN_TYPE = YES;
				GCC_WARN_UNDECLARED_SELECTOR = YES;
				GCC_WARN_UNINITIALIZED_AUTOS = YES;
				GCC_WARN_UNUSED_FUNCTION = YES;
				GCC_WARN_UNUSED_VARIABLE = YES;
				IPHONEOS_DEPLOYMENT_TARGET = 4.3;
				ONLY_ACTIVE_ARCH = YES;
				SDKROOT = iphoneos;
			};
			name = Debug;
		};
		89F1EED515A4C73B00AE4FB4 /* Release */ = {
			isa = XCBuildConfiguration;
			buildSettings = {
				ALWAYS_SEARCH_USER_PATHS = NO;
				CLANG_ENABLE_OBJC_ARC = YES;
				CLANG_WARN_BOOL_CONVERSION = YES;
				CLANG_WARN_CONSTANT_CONVERSION = YES;
				CLANG_WARN_EMPTY_BODY = YES;
				CLANG_WARN_ENUM_CONVERSION = YES;
				CLANG_WARN_INT_CONVERSION = YES;
				CLANG_WARN__DUPLICATE_METHOD_MATCH = YES;
				"CODE_SIGN_IDENTITY[sdk=iphoneos*]" = "iPhone Developer";
				COPY_PHASE_STRIP = YES;
				GCC_C_LANGUAGE_STANDARD = gnu99;
				GCC_VERSION = com.apple.compilers.llvm.clang.1_0;
				GCC_WARN_64_TO_32_BIT_CONVERSION = YES;
				GCC_WARN_ABOUT_RETURN_TYPE = YES;
				GCC_WARN_UNDECLARED_SELECTOR = YES;
				GCC_WARN_UNINITIALIZED_AUTOS = YES;
				GCC_WARN_UNUSED_FUNCTION = YES;
				GCC_WARN_UNUSED_VARIABLE = YES;
				IPHONEOS_DEPLOYMENT_TARGET = 4.3;
				OTHER_CFLAGS = "-DNS_BLOCK_ASSERTIONS=1";
				SDKROOT = iphoneos;
				VALIDATE_PRODUCT = YES;
			};
			name = Release;
		};
		89F1EED715A4C73B00AE4FB4 /* Debug */ = {
			isa = XCBuildConfiguration;
			baseConfigurationReference = D5E6E703ADFB432282251ADF /* Pods.xcconfig */;
			buildSettings = {
				CODE_SIGN_IDENTITY = "iPhone Developer";
				GCC_PRECOMPILE_PREFIX_HEADER = YES;
				GCC_PREFIX_HEADER = "SampleProject/SampleProject-Prefix.pch";
				INFOPLIST_FILE = "SampleProject/SampleProject-Info.plist";
				PRODUCT_NAME = "$(TARGET_NAME)";
				USER_HEADER_SEARCH_PATHS = "";
				WRAPPER_EXTENSION = app;
			};
			name = Debug;
		};
		89F1EED815A4C73B00AE4FB4 /* Release */ = {
			isa = XCBuildConfiguration;
			baseConfigurationReference = D5E6E703ADFB432282251ADF /* Pods.xcconfig */;
			buildSettings = {
				CODE_SIGN_IDENTITY = "iPhone Developer";
				GCC_PRECOMPILE_PREFIX_HEADER = YES;
				GCC_PREFIX_HEADER = "SampleProject/SampleProject-Prefix.pch";
				INFOPLIST_FILE = "SampleProject/SampleProject-Info.plist";
				PRODUCT_NAME = "$(TARGET_NAME)";
				USER_HEADER_SEARCH_PATHS = "";
				WRAPPER_EXTENSION = app;
			};
			name = Release;
		};
		89F1EEDA15A4C73B00AE4FB4 /* Debug */ = {
			isa = XCBuildConfiguration;
			baseConfigurationReference = A5F4AE16E7FA4739830EBD2A /* Pods-SampleProjectTests.xcconfig */;
			buildSettings = {
				BUNDLE_LOADER = "$(BUILT_PRODUCTS_DIR)/SampleProject.app/SampleProject";
				FRAMEWORK_SEARCH_PATHS = (
					"$(SDKROOT)/Developer/Library/Frameworks",
					"$(inherited)",
				);
				GCC_PRECOMPILE_PREFIX_HEADER = YES;
				GCC_PREFIX_HEADER = "SampleProject/SampleProject-Prefix.pch";
				INFOPLIST_FILE = "SampleProjectTests/SampleProjectTests-Info.plist";
				PRODUCT_NAME = "$(TARGET_NAME)";
				TEST_HOST = "$(BUNDLE_LOADER)";
			};
			name = Debug;
		};
		89F1EEDB15A4C73B00AE4FB4 /* Release */ = {
			isa = XCBuildConfiguration;
			baseConfigurationReference = A5F4AE16E7FA4739830EBD2A /* Pods-SampleProjectTests.xcconfig */;
			buildSettings = {
				BUNDLE_LOADER = "$(BUILT_PRODUCTS_DIR)/SampleProject.app/SampleProject";
				FRAMEWORK_SEARCH_PATHS = (
					"$(SDKROOT)/Developer/Library/Frameworks",
					"$(inherited)",
				);
				GCC_PRECOMPILE_PREFIX_HEADER = YES;
				GCC_PREFIX_HEADER = "SampleProject/SampleProject-Prefix.pch";
				INFOPLIST_FILE = "SampleProjectTests/SampleProjectTests-Info.plist";
				PRODUCT_NAME = "$(TARGET_NAME)";
				TEST_HOST = "$(BUNDLE_LOADER)";
			};
			name = Release;
		};
/* End XCBuildConfiguration section */

/* Begin XCConfigurationList section */
		89F1EE9D15A4C73B00AE4FB4 /* Build configuration list for PBXProject "SampleProject" */ = {
			isa = XCConfigurationList;
			buildConfigurations = (
				89F1EED415A4C73B00AE4FB4 /* Debug */,
				89F1EED515A4C73B00AE4FB4 /* Release */,
			);
			defaultConfigurationIsVisible = 0;
			defaultConfigurationName = Release;
		};
		89F1EED615A4C73B00AE4FB4 /* Build configuration list for PBXNativeTarget "SampleProject" */ = {
			isa = XCConfigurationList;
			buildConfigurations = (
				89F1EED715A4C73B00AE4FB4 /* Debug */,
				89F1EED815A4C73B00AE4FB4 /* Release */,
			);
			defaultConfigurationIsVisible = 0;
			defaultConfigurationName = Release;
		};
		89F1EED915A4C73B00AE4FB4 /* Build configuration list for PBXNativeTarget "SampleProjectTests" */ = {
			isa = XCConfigurationList;
			buildConfigurations = (
				89F1EEDA15A4C73B00AE4FB4 /* Debug */,
				89F1EEDB15A4C73B00AE4FB4 /* Release */,
			);
			defaultConfigurationIsVisible = 0;
			defaultConfigurationName = Release;
		};
/* End XCConfigurationList section */

/* Begin XCVersionGroup section */
		89F1EEBB15A4C73B00AE4FB4 /* SampleProject.xcdatamodeld */ = {
			isa = XCVersionGroup;
			children = (
				89F1EEBC15A4C73B00AE4FB4 /* SampleProject.xcdatamodel */,
			);
			currentVersion = 89F1EEBC15A4C73B00AE4FB4 /* SampleProject.xcdatamodel */;
			path = SampleProject.xcdatamodeld;
			sourceTree = "<group>";
			versionGroupType = wrapper.xcdatamodel;
		};
/* End XCVersionGroup section */
	};
	rootObject = 89F1EE9A15A4C73B00AE4FB4 /* Project object */;
}
